
Microsoft Visual Studio Solution File, Format Version 12.00
# Visual Studio 15
VisualStudioVersion = 15.0.28010.2048
MinimumVisualStudioVersion = 10.0.40219.1
Project("{FAE04EC0-301F-11D3-BF4B-00C04F79EFBC}") = "JpFramework", "JpFramework.csproj", "{A484EAEA-56B7-4603-AC71-4F8AFFA25C92}"
EndProject
Project("{FAE04EC0-301F-11D3-BF4B-00C04F79EFBC}") = "JpFrameWork.BaseControl", "JpFrameWork.BaseControl\JpFrameWork.BaseControl.csproj", "{61E6DD07-09FA-48EB-B6B8-3EAA138868D4}"
EndProject
Project("{FAE04EC0-301F-11D3-BF4B-00C04F79EFBC}") = "TestUtil", "JpFrameWork.BaseControl\TestUtil\TestUtil.csproj", "{CA3D427E-C5F2-4487-9AA5-20F91EACFFA3}"
EndProject
Global
	GlobalSection(SolutionConfigurationPlatforms) = preSolution
		Debug|Any CPU = Debug|Any CPU
		Release|Any CPU = Release|Any CPU
	EndGlobalSection
	GlobalSection(ProjectConfigurationPlatforms) = postSolution
		{A484EAEA-56B7-4603-AC71-4F8AFFA25C92}.Debug|Any CPU.ActiveCfg = Debug|Any CPU
		{A484EAEA-56B7-4603-AC71-4F8AFFA25C92}.Debug|Any CPU.Build.0 = Debug|Any CPU
		{A484EAEA-56B7-4603-AC71-4F8AFFA25C92}.Release|Any CPU.ActiveCfg = Release|Any CPU
		{A484EAEA-56B7-4603-AC71-4F8AFFA25C92}.Release|Any CPU.Build.0 = Release|Any CPU
		{61E6DD07-09FA-48EB-B6B8-3EAA138868D4}.Debug|Any CPU.ActiveCfg = Debug|Any CPU
		{61E6DD07-09FA-48EB-B6B8-3EAA138868D4}.Debug|Any CPU.Build.0 = Debug|Any CPU
		{61E6DD07-09FA-48EB-B6B8-3EAA138868D4}.Release|Any CPU.ActiveCfg = Release|Any CPU
		{61E6DD07-09FA-48EB-B6B8-3EAA138868D4}.Release|Any CPU.Build.0 = Release|Any CPU
		{CA3D427E-C5F2-4487-9AA5-20F91EACFFA3}.Debug|Any CPU.ActiveCfg = Debug|Any CPU
		{CA3D427E-C5F2-4487-9AA5-20F91EACFFA3}.Debug|Any CPU.Build.0 = Debug|Any CPU
		{CA3D427E-C5F2-4487-9AA5-20F91EACFFA3}.Release|Any CPU.ActiveCfg = Release|Any CPU
		{CA3D427E-C5F2-4487-9AA5-20F91EACFFA3}.Release|Any CPU.Build.0 = Release|Any CPU
	EndGlobalSection
	GlobalSection(SolutionProperties) = preSolution
		HideSolutionNode = FALSE
	EndGlobalSection
	GlobalSection(ExtensibilityGlobals) = postSolution
		SolutionGuid = {F60E6314-7C84-4279-A47A-95C83CE30386}
	EndGlobalSection
EndGlobal
