
Microsoft Visual Studio Solution File, Format Version 12.00
# Visual Studio 15
VisualStudioVersion = 15.0.28010.2048
MinimumVisualStudioVersion = 10.0.40219.1
Project("{FAE04EC0-301F-11D3-BF4B-00C04F79EFBC}") = "JpFramework", "..\JpFramework\JpFramework.csproj", "{A484EAEA-56B7-4603-AC71-4F8AFFA25C92}"
EndProject
Project("{FAE04EC0-301F-11D3-BF4B-00C04F79EFBC}") = "TestProjects", "..\TestProjects\TestProjects.csproj", "{7F5F63B6-EC41-499C-87A3-008B6D89BCB9}"
EndProject
Global
	GlobalSection(SolutionConfigurationPlatforms) = preSolution
		Debug|Any CPU = Debug|Any CPU
		Release|Any CPU = Release|Any CPU
	EndGlobalSection
	GlobalSection(ProjectConfigurationPlatforms) = postSolution
		{A484EAEA-56B7-4603-AC71-4F8AFFA25C92}.Debug|Any CPU.ActiveCfg = Debug|Any CPU
		{A484EAEA-56B7-4603-AC71-4F8AFFA25C92}.Debug|Any CPU.Build.0 = Debug|Any CPU
		{A484EAEA-56B7-4603-AC71-4F8AFFA25C92}.Release|Any CPU.ActiveCfg = Release|Any CPU
		{A484EAEA-56B7-4603-AC71-4F8AFFA25C92}.Release|Any CPU.Build.0 = Release|Any CPU
		{7F5F63B6-EC41-499C-87A3-008B6D89BCB9}.Debug|Any CPU.ActiveCfg = Debug|Any CPU
		{7F5F63B6-EC41-499C-87A3-008B6D89BCB9}.Debug|Any CPU.Build.0 = Debug|Any CPU
		{7F5F63B6-EC41-499C-87A3-008B6D89BCB9}.Release|Any CPU.ActiveCfg = Release|Any CPU
		{7F5F63B6-EC41-499C-87A3-008B6D89BCB9}.Release|Any CPU.Build.0 = Release|Any CPU
	EndGlobalSection
	GlobalSection(SolutionProperties) = preSolution
		HideSolutionNode = FALSE
	EndGlobalSection
	GlobalSection(ExtensibilityGlobals) = postSolution
		SolutionGuid = {E5CB80FC-C0F2-49E2-BB26-11F35DE97355}
	EndGlobalSection
EndGlobal
